
Microsoft Visual Studio Solution File, Format Version 12.00
# Visual Studio Version 17
VisualStudioVersion = 17.4.33103.184
MinimumVisualStudioVersion = 10.0.40219.1
Project("{FAE04EC0-301F-11D3-BF4B-00C04F79EFBC}") = "Roles-Trainning-application", "Roles-Trainning-application\Roles-Trainning-application.csproj", "{E2DE8230-50CB-4FF1-998E-FD0CF0ADB978}"
EndProject
Global
	GlobalSection(SolutionConfigurationPlatforms) = preSolution
		Debug|Any CPU = Debug|Any CPU
		Release|Any CPU = Release|Any CPU
	EndGlobalSection
	GlobalSection(ProjectConfigurationPlatforms) = postSolution
		{E2DE8230-50CB-4FF1-998E-FD0CF0ADB978}.Debug|Any CPU.ActiveCfg = Debug|Any CPU
		{E2DE8230-50CB-4FF1-998E-FD0CF0ADB978}.Debug|Any CPU.Build.0 = Debug|Any CPU
		{E2DE8230-50CB-4FF1-998E-FD0CF0ADB978}.Release|Any CPU.ActiveCfg = Release|Any CPU
		{E2DE8230-50CB-4FF1-998E-FD0CF0ADB978}.Release|Any CPU.Build.0 = Release|Any CPU
	EndGlobalSection
	GlobalSection(SolutionProperties) = preSolution
		HideSolutionNode = FALSE
	EndGlobalSection
	GlobalSection(ExtensibilityGlobals) = postSolution
		SolutionGuid = {7484C6F1-3164-41A9-AEE6-BC0CB153E514}
	EndGlobalSection
EndGlobal
